
Microsoft Visual Studio Solution File, Format Version 12.00
# Visual Studio Version 17
VisualStudioVersion = 17.2.32516.85
MinimumVisualStudioVersion = 10.0.40219.1
Project("{8BC9CEB8-8B4A-11D0-8D11-00A0C91BC942}") = "graphics-lab5", "graphics-lab5\graphics-lab5.vcxproj", "{56262693-FECF-4089-8461-9D76A107260E}"
EndProject
Global
	GlobalSection(SolutionConfigurationPlatforms) = preSolution
		Debug|x64 = Debug|x64
		Debug|x86 = Debug|x86
		Release|x64 = Release|x64
		Release|x86 = Release|x86
	EndGlobalSection
	GlobalSection(ProjectConfigurationPlatforms) = postSolution
		{56262693-FECF-4089-8461-9D76A107260E}.Debug|x64.ActiveCfg = Debug|x64
		{56262693-FECF-4089-8461-9D76A107260E}.Debug|x64.Build.0 = Debug|x64
		{56262693-FECF-4089-8461-9D76A107260E}.Debug|x86.ActiveCfg = Debug|Win32
		{56262693-FECF-4089-8461-9D76A107260E}.Debug|x86.Build.0 = Debug|Win32
		{56262693-FECF-4089-8461-9D76A107260E}.Release|x64.ActiveCfg = Release|x64
		{56262693-FECF-4089-8461-9D76A107260E}.Release|x64.Build.0 = Release|x64
		{56262693-FECF-4089-8461-9D76A107260E}.Release|x86.ActiveCfg = Release|Win32
		{56262693-FECF-4089-8461-9D76A107260E}.Release|x86.Build.0 = Release|Win32
	EndGlobalSection
	GlobalSection(SolutionProperties) = preSolution
		HideSolutionNode = FALSE
	EndGlobalSection
	GlobalSection(ExtensibilityGlobals) = postSolution
		SolutionGuid = {D5947145-E4D1-45CE-915A-2869857FC983}
	EndGlobalSection
EndGlobal
